// !$*UTF8*$!
{
	archiveVersion = 1;
	classes = {
	};
	objectVersion = 56;
	objects = {

/* Begin PBXBuildFile section */
		962F2B94293761D100524427 /* CarrotShareApp.swift in Sources */ = {isa = PBXBuildFile; fileRef = 962F2B93293761D100524427 /* CarrotShareApp.swift */; };
		962F2B98293761D300524427 /* Assets.xcassets in Resources */ = {isa = PBXBuildFile; fileRef = 962F2B97293761D300524427 /* Assets.xcassets */; };
		962F2B9B293761D300524427 /* Preview Assets.xcassets in Resources */ = {isa = PBXBuildFile; fileRef = 962F2B9A293761D300524427 /* Preview Assets.xcassets */; };
		962F2BA22937630600524427 /* Launch Screen.storyboard in Resources */ = {isa = PBXBuildFile; fileRef = 962F2BA12937630500524427 /* Launch Screen.storyboard */; };
		962F2BA7293768B300524427 /* LoginView.swift in Sources */ = {isa = PBXBuildFile; fileRef = 962F2BA6293768B300524427 /* LoginView.swift */; };
		962F2BA9293768D100524427 /* CarrotShareViewModel.swift in Sources */ = {isa = PBXBuildFile; fileRef = 962F2BA8293768D100524427 /* CarrotShareViewModel.swift */; };
		962F2BAC2937691D00524427 /* BundleExtension.swift in Sources */ = {isa = PBXBuildFile; fileRef = 962F2BAB2937691D00524427 /* BundleExtension.swift */; };
		962F2BAE29376A5300524427 /* ColorExtension.swift in Sources */ = {isa = PBXBuildFile; fileRef = 962F2BAD29376A5300524427 /* ColorExtension.swift */; };
		962F2BB029376B0E00524427 /* LoginTitleView.swift in Sources */ = {isa = PBXBuildFile; fileRef = 962F2BAF29376B0E00524427 /* LoginTitleView.swift */; };
		962F2BB229376B4700524427 /* LoginImageView.swift in Sources */ = {isa = PBXBuildFile; fileRef = 962F2BB129376B4700524427 /* LoginImageView.swift */; };
		962F2BB629376BBC00524427 /* AppButtonView.swift in Sources */ = {isa = PBXBuildFile; fileRef = 962F2BB529376BBC00524427 /* AppButtonView.swift */; };
		962F2BB82937705900524427 /* GoToSignInView.swift in Sources */ = {isa = PBXBuildFile; fileRef = 962F2BB72937705900524427 /* GoToSignInView.swift */; };
		962F2BBA2937706300524427 /* GoToSignUpView.swift in Sources */ = {isa = PBXBuildFile; fileRef = 962F2BB92937706300524427 /* GoToSignUpView.swift */; };
		962F2BBC2937710F00524427 /* TransparentAppButtonView.swift in Sources */ = {isa = PBXBuildFile; fileRef = 962F2BBB2937710E00524427 /* TransparentAppButtonView.swift */; };
		962F2BBE2937738100524427 /* SignUpView.swift in Sources */ = {isa = PBXBuildFile; fileRef = 962F2BBD2937738100524427 /* SignUpView.swift */; };
		962F2BC02937738800524427 /* SignInView.swift in Sources */ = {isa = PBXBuildFile; fileRef = 962F2BBF2937738800524427 /* SignInView.swift */; };
		962F2BC52937848300524427 /* ViewExtension.swift in Sources */ = {isa = PBXBuildFile; fileRef = 962F2BC42937848300524427 /* ViewExtension.swift */; };
		962F2BC72937862500524427 /* TextfieldPlaceholderStyle.swift in Sources */ = {isa = PBXBuildFile; fileRef = 962F2BC62937862500524427 /* TextfieldPlaceholderStyle.swift */; };
		962F2BCB293788ED00524427 /* SignUpFieldsView.swift in Sources */ = {isa = PBXBuildFile; fileRef = 962F2BCA293788ED00524427 /* SignUpFieldsView.swift */; };
		962F2BCD29378A8500524427 /* SignInButtonView.swift in Sources */ = {isa = PBXBuildFile; fileRef = 962F2BCC29378A8500524427 /* SignInButtonView.swift */; };
		962F2BCF29378A9500524427 /* SignUpButtonView.swift in Sources */ = {isa = PBXBuildFile; fileRef = 962F2BCE29378A9500524427 /* SignUpButtonView.swift */; };
		962F2BD329378C6A00524427 /* SignInFieldsView.swift in Sources */ = {isa = PBXBuildFile; fileRef = 962F2BD229378C6A00524427 /* SignInFieldsView.swift */; };
		962F2BD529378D0700524427 /* SignInWithAppleButtonView.swift in Sources */ = {isa = PBXBuildFile; fileRef = 962F2BD429378D0700524427 /* SignInWithAppleButtonView.swift */; };
		962F2BDD2937957400524427 /* FlatmatesView.swift in Sources */ = {isa = PBXBuildFile; fileRef = 962F2BDC2937957400524427 /* FlatmatesView.swift */; };
		962F2BDF2937971D00524427 /* FlatmatesListView.swift in Sources */ = {isa = PBXBuildFile; fileRef = 962F2BDE2937971D00524427 /* FlatmatesListView.swift */; };
		962F2BE12937997E00524427 /* TabBarView.swift in Sources */ = {isa = PBXBuildFile; fileRef = 962F2BE02937997E00524427 /* TabBarView.swift */; };
		962F2BE6293799D300524427 /* LetsPlayView.swift in Sources */ = {isa = PBXBuildFile; fileRef = 962F2BE5293799D300524427 /* LetsPlayView.swift */; };
		962F2BE8293799DC00524427 /* CarrotTradeView.swift in Sources */ = {isa = PBXBuildFile; fileRef = 962F2BE7293799DC00524427 /* CarrotTradeView.swift */; };
		962F2BEA293799E800524427 /* ChoresView.swift in Sources */ = {isa = PBXBuildFile; fileRef = 962F2BE9293799E800524427 /* ChoresView.swift */; };
		962F2BED29379BB400524427 /* OnBoardingView.swift in Sources */ = {isa = PBXBuildFile; fileRef = 962F2BEC29379BB400524427 /* OnBoardingView.swift */; };
		962F2BEF2937A9FD00524427 /* Chores.swift in Sources */ = {isa = PBXBuildFile; fileRef = 962F2BEE2937A9FD00524427 /* Chores.swift */; };
		962F2BF52937DCF700524427 /* CustomMultiDatePickerView.swift in Sources */ = {isa = PBXBuildFile; fileRef = 962F2BF42937DCF700524427 /* CustomMultiDatePickerView.swift */; };
		962F2BF72937EDFD00524427 /* DateExtension.swift in Sources */ = {isa = PBXBuildFile; fileRef = 962F2BF62937EDFD00524427 /* DateExtension.swift */; };
		962F2BF92937EFFB00524427 /* User.swift in Sources */ = {isa = PBXBuildFile; fileRef = 962F2BF82937EFFB00524427 /* User.swift */; };
		962F2BFB29389AD400524427 /* ChoresCollectionView.swift in Sources */ = {isa = PBXBuildFile; fileRef = 962F2BFA29389AD400524427 /* ChoresCollectionView.swift */; };
		962F2BFD29389BF100524427 /* DaysListView.swift in Sources */ = {isa = PBXBuildFile; fileRef = 962F2BFC29389BF100524427 /* DaysListView.swift */; };
		962F2BFF29389C1300524427 /* DateNumberElementView.swift in Sources */ = {isa = PBXBuildFile; fileRef = 962F2BFE29389C1300524427 /* DateNumberElementView.swift */; };
		962F2C0129389C4300524427 /* MultiDatePickerGridView.swift in Sources */ = {isa = PBXBuildFile; fileRef = 962F2C0029389C4300524427 /* MultiDatePickerGridView.swift */; };
		965468E529389D8500D6ADE8 /* SettingsView.swift in Sources */ = {isa = PBXBuildFile; fileRef = 965468E429389D8500D6ADE8 /* SettingsView.swift */; };
		965468E729389E6300D6ADE8 /* SettingsButtonView.swift in Sources */ = {isa = PBXBuildFile; fileRef = 965468E629389E6300D6ADE8 /* SettingsButtonView.swift */; };
		AC3FDCA32938A48900F38D2A /* FlatmateView.swift in Sources */ = {isa = PBXBuildFile; fileRef = AC3FDCA22938A48900F38D2A /* FlatmateView.swift */; };
		AC3FDCA52938A4B000F38D2A /* FlatmateListView.swift in Sources */ = {isa = PBXBuildFile; fileRef = AC3FDCA42938A4B000F38D2A /* FlatmateListView.swift */; };
		AC3FDCA72938A4F900F38D2A /* FlatmateDetailView.swift in Sources */ = {isa = PBXBuildFile; fileRef = AC3FDCA62938A4F900F38D2A /* FlatmateDetailView.swift */; };
		AC3FDCA92938A55A00F38D2A /* Flatmate.swift in Sources */ = {isa = PBXBuildFile; fileRef = AC3FDCA82938A55A00F38D2A /* Flatmate.swift */; };
		AC584AF0293A04870003A479 /* SmallButtonView.swift in Sources */ = {isa = PBXBuildFile; fileRef = AC584AEF293A04870003A479 /* SmallButtonView.swift */; };
		AC584AF8293A2CB20003A479 /* Rule.swift in Sources */ = {isa = PBXBuildFile; fileRef = AC584AF7293A2CB20003A479 /* Rule.swift */; };
		AC584B07293E0C0D0003A479 /* ChooseRewardView.swift in Sources */ = {isa = PBXBuildFile; fileRef = AC584B06293E0C0D0003A479 /* ChooseRewardView.swift */; };
		AC584B09293E31B10003A479 /* LoggedUserView.swift in Sources */ = {isa = PBXBuildFile; fileRef = AC584B08293E31B10003A479 /* LoggedUserView.swift */; };
		ACFDC4FD2938FA8A008F8AF7 /* CarrotTradeRulesView.swift in Sources */ = {isa = PBXBuildFile; fileRef = ACFDC4FC2938FA8A008F8AF7 /* CarrotTradeRulesView.swift */; };
		F4ACF0BD293A3C6A005E4636 /* APIManager.swift in Sources */ = {isa = PBXBuildFile; fileRef = F4ACF0BC293A3C6A005E4636 /* APIManager.swift */; };
		F4ACF0BF293A3CA5005E4636 /* Flatshare.swift in Sources */ = {isa = PBXBuildFile; fileRef = F4ACF0BE293A3CA5005E4636 /* Flatshare.swift */; };
		F4ACF0C1293A3CCF005E4636 /* SignInResponse.swift in Sources */ = {isa = PBXBuildFile; fileRef = F4ACF0C0293A3CCF005E4636 /* SignInResponse.swift */; };
		F4ACF0C5293B8361005E4636 /* CreateFlatshareView.swift in Sources */ = {isa = PBXBuildFile; fileRef = F4ACF0C4293B8361005E4636 /* CreateFlatshareView.swift */; };
		F4C81D29293DE687008638ED /* WheelView.swift in Sources */ = {isa = PBXBuildFile; fileRef = F4C81D28293DE687008638ED /* WheelView.swift */; };
		F4C81D2B293DE6A9008638ED /* ResultWheelView.swift in Sources */ = {isa = PBXBuildFile; fileRef = F4C81D2A293DE6A9008638ED /* ResultWheelView.swift */; };
		F4C81D2F293DF6AE008638ED /* FlatshareFieldsView.swift in Sources */ = {isa = PBXBuildFile; fileRef = F4C81D2E293DF6AE008638ED /* FlatshareFieldsView.swift */; };
		F4C81D31293DFC31008638ED /* CreateFlatshareButtonView.swift in Sources */ = {isa = PBXBuildFile; fileRef = F4C81D30293DFC31008638ED /* CreateFlatshareButtonView.swift */; };
		F4C81D35293E03CC008638ED /* JoinFlatshareView.swift in Sources */ = {isa = PBXBuildFile; fileRef = F4C81D34293E03CC008638ED /* JoinFlatshareView.swift */; };
/* End PBXBuildFile section */

/* Begin PBXFileReference section */
		962F2B90293761D100524427 /* CarrotShare.app */ = {isa = PBXFileReference; explicitFileType = wrapper.application; includeInIndex = 0; path = CarrotShare.app; sourceTree = BUILT_PRODUCTS_DIR; };
		962F2B93293761D100524427 /* CarrotShareApp.swift */ = {isa = PBXFileReference; lastKnownFileType = sourcecode.swift; path = CarrotShareApp.swift; sourceTree = "<group>"; };
		962F2B97293761D300524427 /* Assets.xcassets */ = {isa = PBXFileReference; lastKnownFileType = folder.assetcatalog; path = Assets.xcassets; sourceTree = "<group>"; };
		962F2B9A293761D300524427 /* Preview Assets.xcassets */ = {isa = PBXFileReference; lastKnownFileType = folder.assetcatalog; path = "Preview Assets.xcassets"; sourceTree = "<group>"; };
		962F2BA12937630500524427 /* Launch Screen.storyboard */ = {isa = PBXFileReference; lastKnownFileType = file.storyboard; path = "Launch Screen.storyboard"; sourceTree = "<group>"; };
		962F2BA6293768B300524427 /* LoginView.swift */ = {isa = PBXFileReference; lastKnownFileType = sourcecode.swift; path = LoginView.swift; sourceTree = "<group>"; };
		962F2BA8293768D100524427 /* CarrotShareViewModel.swift */ = {isa = PBXFileReference; lastKnownFileType = sourcecode.swift; path = CarrotShareViewModel.swift; sourceTree = "<group>"; };
		962F2BAB2937691D00524427 /* BundleExtension.swift */ = {isa = PBXFileReference; lastKnownFileType = sourcecode.swift; path = BundleExtension.swift; sourceTree = "<group>"; };
		962F2BAD29376A5300524427 /* ColorExtension.swift */ = {isa = PBXFileReference; lastKnownFileType = sourcecode.swift; path = ColorExtension.swift; sourceTree = "<group>"; };
		962F2BAF29376B0E00524427 /* LoginTitleView.swift */ = {isa = PBXFileReference; lastKnownFileType = sourcecode.swift; path = LoginTitleView.swift; sourceTree = "<group>"; };
		962F2BB129376B4700524427 /* LoginImageView.swift */ = {isa = PBXFileReference; lastKnownFileType = sourcecode.swift; path = LoginImageView.swift; sourceTree = "<group>"; };
		962F2BB529376BBC00524427 /* AppButtonView.swift */ = {isa = PBXFileReference; lastKnownFileType = sourcecode.swift; path = AppButtonView.swift; sourceTree = "<group>"; };
		962F2BB72937705900524427 /* GoToSignInView.swift */ = {isa = PBXFileReference; lastKnownFileType = sourcecode.swift; path = GoToSignInView.swift; sourceTree = "<group>"; };
		962F2BB92937706300524427 /* GoToSignUpView.swift */ = {isa = PBXFileReference; lastKnownFileType = sourcecode.swift; path = GoToSignUpView.swift; sourceTree = "<group>"; };
		962F2BBB2937710E00524427 /* TransparentAppButtonView.swift */ = {isa = PBXFileReference; lastKnownFileType = sourcecode.swift; path = TransparentAppButtonView.swift; sourceTree = "<group>"; };
		962F2BBD2937738100524427 /* SignUpView.swift */ = {isa = PBXFileReference; lastKnownFileType = sourcecode.swift; path = SignUpView.swift; sourceTree = "<group>"; };
		962F2BBF2937738800524427 /* SignInView.swift */ = {isa = PBXFileReference; lastKnownFileType = sourcecode.swift; path = SignInView.swift; sourceTree = "<group>"; };
		962F2BC42937848300524427 /* ViewExtension.swift */ = {isa = PBXFileReference; lastKnownFileType = sourcecode.swift; path = ViewExtension.swift; sourceTree = "<group>"; };
		962F2BC62937862500524427 /* TextfieldPlaceholderStyle.swift */ = {isa = PBXFileReference; lastKnownFileType = sourcecode.swift; path = TextfieldPlaceholderStyle.swift; sourceTree = "<group>"; };
		962F2BCA293788ED00524427 /* SignUpFieldsView.swift */ = {isa = PBXFileReference; lastKnownFileType = sourcecode.swift; path = SignUpFieldsView.swift; sourceTree = "<group>"; };
		962F2BCC29378A8500524427 /* SignInButtonView.swift */ = {isa = PBXFileReference; lastKnownFileType = sourcecode.swift; path = SignInButtonView.swift; sourceTree = "<group>"; };
		962F2BCE29378A9500524427 /* SignUpButtonView.swift */ = {isa = PBXFileReference; lastKnownFileType = sourcecode.swift; path = SignUpButtonView.swift; sourceTree = "<group>"; };
		962F2BD229378C6A00524427 /* SignInFieldsView.swift */ = {isa = PBXFileReference; lastKnownFileType = sourcecode.swift; path = SignInFieldsView.swift; sourceTree = "<group>"; };
		962F2BD429378D0700524427 /* SignInWithAppleButtonView.swift */ = {isa = PBXFileReference; lastKnownFileType = sourcecode.swift; path = SignInWithAppleButtonView.swift; sourceTree = "<group>"; };
		962F2BDC2937957400524427 /* FlatmatesView.swift */ = {isa = PBXFileReference; lastKnownFileType = sourcecode.swift; path = FlatmatesView.swift; sourceTree = "<group>"; };
		962F2BDE2937971D00524427 /* FlatmatesListView.swift */ = {isa = PBXFileReference; lastKnownFileType = sourcecode.swift; path = FlatmatesListView.swift; sourceTree = "<group>"; };
		962F2BE02937997E00524427 /* TabBarView.swift */ = {isa = PBXFileReference; lastKnownFileType = sourcecode.swift; path = TabBarView.swift; sourceTree = "<group>"; };
		962F2BE5293799D300524427 /* LetsPlayView.swift */ = {isa = PBXFileReference; lastKnownFileType = sourcecode.swift; path = LetsPlayView.swift; sourceTree = "<group>"; };
		962F2BE7293799DC00524427 /* CarrotTradeView.swift */ = {isa = PBXFileReference; lastKnownFileType = sourcecode.swift; path = CarrotTradeView.swift; sourceTree = "<group>"; };
		962F2BE9293799E800524427 /* ChoresView.swift */ = {isa = PBXFileReference; lastKnownFileType = sourcecode.swift; path = ChoresView.swift; sourceTree = "<group>"; };
		962F2BEC29379BB400524427 /* OnBoardingView.swift */ = {isa = PBXFileReference; lastKnownFileType = sourcecode.swift; path = OnBoardingView.swift; sourceTree = "<group>"; };
		962F2BEE2937A9FD00524427 /* Chores.swift */ = {isa = PBXFileReference; lastKnownFileType = sourcecode.swift; path = Chores.swift; sourceTree = "<group>"; };
		962F2BF42937DCF700524427 /* CustomMultiDatePickerView.swift */ = {isa = PBXFileReference; lastKnownFileType = sourcecode.swift; path = CustomMultiDatePickerView.swift; sourceTree = "<group>"; };
		962F2BF62937EDFD00524427 /* DateExtension.swift */ = {isa = PBXFileReference; lastKnownFileType = sourcecode.swift; path = DateExtension.swift; sourceTree = "<group>"; };
		962F2BF82937EFFB00524427 /* User.swift */ = {isa = PBXFileReference; lastKnownFileType = sourcecode.swift; path = User.swift; sourceTree = "<group>"; };
		962F2BFA29389AD400524427 /* ChoresCollectionView.swift */ = {isa = PBXFileReference; lastKnownFileType = sourcecode.swift; path = ChoresCollectionView.swift; sourceTree = "<group>"; };
		962F2BFC29389BF100524427 /* DaysListView.swift */ = {isa = PBXFileReference; lastKnownFileType = sourcecode.swift; path = DaysListView.swift; sourceTree = "<group>"; };
		962F2BFE29389C1300524427 /* DateNumberElementView.swift */ = {isa = PBXFileReference; lastKnownFileType = sourcecode.swift; path = DateNumberElementView.swift; sourceTree = "<group>"; };
		962F2C0029389C4300524427 /* MultiDatePickerGridView.swift */ = {isa = PBXFileReference; lastKnownFileType = sourcecode.swift; path = MultiDatePickerGridView.swift; sourceTree = "<group>"; };
		965468E429389D8500D6ADE8 /* SettingsView.swift */ = {isa = PBXFileReference; lastKnownFileType = sourcecode.swift; path = SettingsView.swift; sourceTree = "<group>"; };
		965468E629389E6300D6ADE8 /* SettingsButtonView.swift */ = {isa = PBXFileReference; lastKnownFileType = sourcecode.swift; path = SettingsButtonView.swift; sourceTree = "<group>"; };
		AC3FDCA22938A48900F38D2A /* FlatmateView.swift */ = {isa = PBXFileReference; lastKnownFileType = sourcecode.swift; path = FlatmateView.swift; sourceTree = "<group>"; };
		AC3FDCA42938A4B000F38D2A /* FlatmateListView.swift */ = {isa = PBXFileReference; lastKnownFileType = sourcecode.swift; path = FlatmateListView.swift; sourceTree = "<group>"; };
		AC3FDCA62938A4F900F38D2A /* FlatmateDetailView.swift */ = {isa = PBXFileReference; lastKnownFileType = sourcecode.swift; path = FlatmateDetailView.swift; sourceTree = "<group>"; };
		AC3FDCA82938A55A00F38D2A /* Flatmate.swift */ = {isa = PBXFileReference; lastKnownFileType = sourcecode.swift; path = Flatmate.swift; sourceTree = "<group>"; };
		AC584AEF293A04870003A479 /* SmallButtonView.swift */ = {isa = PBXFileReference; lastKnownFileType = sourcecode.swift; path = SmallButtonView.swift; sourceTree = "<group>"; };
		AC584AF7293A2CB20003A479 /* Rule.swift */ = {isa = PBXFileReference; lastKnownFileType = sourcecode.swift; path = Rule.swift; sourceTree = "<group>"; };
		AC584B06293E0C0D0003A479 /* ChooseRewardView.swift */ = {isa = PBXFileReference; lastKnownFileType = sourcecode.swift; path = ChooseRewardView.swift; sourceTree = "<group>"; };
		AC584B08293E31B10003A479 /* LoggedUserView.swift */ = {isa = PBXFileReference; lastKnownFileType = sourcecode.swift; name = LoggedUserView.swift; path = ../../../../.Trash/CarrotShare/CarrotShare/Views/LoggedUserView.swift; sourceTree = "<group>"; };
		ACFDC4FC2938FA8A008F8AF7 /* CarrotTradeRulesView.swift */ = {isa = PBXFileReference; lastKnownFileType = sourcecode.swift; path = CarrotTradeRulesView.swift; sourceTree = "<group>"; };
		F4ACF0BC293A3C6A005E4636 /* APIManager.swift */ = {isa = PBXFileReference; lastKnownFileType = sourcecode.swift; path = APIManager.swift; sourceTree = "<group>"; };
		F4ACF0BE293A3CA5005E4636 /* Flatshare.swift */ = {isa = PBXFileReference; lastKnownFileType = sourcecode.swift; path = Flatshare.swift; sourceTree = "<group>"; };
		F4ACF0C0293A3CCF005E4636 /* SignInResponse.swift */ = {isa = PBXFileReference; lastKnownFileType = sourcecode.swift; path = SignInResponse.swift; sourceTree = "<group>"; };
		F4ACF0C4293B8361005E4636 /* CreateFlatshareView.swift */ = {isa = PBXFileReference; lastKnownFileType = sourcecode.swift; path = CreateFlatshareView.swift; sourceTree = "<group>"; };
		F4C81D28293DE687008638ED /* WheelView.swift */ = {isa = PBXFileReference; lastKnownFileType = sourcecode.swift; path = WheelView.swift; sourceTree = "<group>"; };
		F4C81D2A293DE6A9008638ED /* ResultWheelView.swift */ = {isa = PBXFileReference; lastKnownFileType = sourcecode.swift; path = ResultWheelView.swift; sourceTree = "<group>"; };
		F4C81D2E293DF6AE008638ED /* FlatshareFieldsView.swift */ = {isa = PBXFileReference; lastKnownFileType = sourcecode.swift; path = FlatshareFieldsView.swift; sourceTree = "<group>"; };
		F4C81D30293DFC31008638ED /* CreateFlatshareButtonView.swift */ = {isa = PBXFileReference; lastKnownFileType = sourcecode.swift; path = CreateFlatshareButtonView.swift; sourceTree = "<group>"; };
		F4C81D34293E03CC008638ED /* JoinFlatshareView.swift */ = {isa = PBXFileReference; lastKnownFileType = sourcecode.swift; path = JoinFlatshareView.swift; sourceTree = "<group>"; };
/* End PBXFileReference section */

/* Begin PBXFrameworksBuildPhase section */
		962F2B8D293761D100524427 /* Frameworks */ = {
			isa = PBXFrameworksBuildPhase;
			buildActionMask = 2147483647;
			files = (
			);
			runOnlyForDeploymentPostprocessing = 0;
		};
/* End PBXFrameworksBuildPhase section */

/* Begin PBXGroup section */
		962F2B87293761D100524427 = {
			isa = PBXGroup;
			children = (
				962F2B92293761D100524427 /* CarrotShare */,
				962F2B91293761D100524427 /* Products */,
			);
			sourceTree = "<group>";
		};
		962F2B91293761D100524427 /* Products */ = {
			isa = PBXGroup;
			children = (
				962F2B90293761D100524427 /* CarrotShare.app */,
			);
			name = Products;
			sourceTree = "<group>";
		};
		962F2B92293761D100524427 /* CarrotShare */ = {
			isa = PBXGroup;
			children = (
				F4ACF0BB293A3C5F005E4636 /* Networking */,
				962F2B93293761D100524427 /* CarrotShareApp.swift */,
				962F2BC12937841200524427 /* Modifier */,
				962F2BAA2937691200524427 /* Extensions */,
				962F2BA52937689200524427 /* Views */,
				962F2BA42937688C00524427 /* View Models */,
				962F2BA32937688300524427 /* Models */,
				962F2BA12937630500524427 /* Launch Screen.storyboard */,
				962F2B97293761D300524427 /* Assets.xcassets */,
				962F2B99293761D300524427 /* Preview Content */,
			);
			path = CarrotShare;
			sourceTree = "<group>";
		};
		962F2B99293761D300524427 /* Preview Content */ = {
			isa = PBXGroup;
			children = (
				962F2B9A293761D300524427 /* Preview Assets.xcassets */,
			);
			path = "Preview Content";
			sourceTree = "<group>";
		};
		962F2BA32937688300524427 /* Models */ = {
			isa = PBXGroup;
			children = (
				962F2BEE2937A9FD00524427 /* Chores.swift */,
				962F2BF82937EFFB00524427 /* User.swift */,
				AC3FDCA82938A55A00F38D2A /* Flatmate.swift */,
				AC584AF7293A2CB20003A479 /* Rule.swift */,
				F4ACF0BE293A3CA5005E4636 /* Flatshare.swift */,
				F4ACF0C0293A3CCF005E4636 /* SignInResponse.swift */,
			);
			path = Models;
			sourceTree = "<group>";
		};
		962F2BA42937688C00524427 /* View Models */ = {
			isa = PBXGroup;
			children = (
				962F2BA8293768D100524427 /* CarrotShareViewModel.swift */,
			);
			path = "View Models";
			sourceTree = "<group>";
		};
		962F2BA52937689200524427 /* Views */ = {
			isa = PBXGroup;
			children = (
				F4ACF0C3293B8349005E4636 /* Flatshare */,
				962F2BEB29379B9C00524427 /* Mains */,
				962F2BE4293799C200524427 /* Lets Play */,
				962F2BE3293799B300524427 /* Carrot Trade */,
				962F2BE22937998A00524427 /* Chores */,
				962F2BDB2937955A00524427 /* Flatmates */,
				962F2BB429376BAF00524427 /* Commons */,
				962F2BB329376BA800524427 /* Login */,
				AC584B08293E31B10003A479 /* LoggedUserView.swift */,
			);
			path = Views;
			sourceTree = "<group>";
		};
		962F2BAA2937691200524427 /* Extensions */ = {
			isa = PBXGroup;
			children = (
				962F2BAB2937691D00524427 /* BundleExtension.swift */,
				962F2BAD29376A5300524427 /* ColorExtension.swift */,
				962F2BC42937848300524427 /* ViewExtension.swift */,
				962F2BF62937EDFD00524427 /* DateExtension.swift */,
			);
			path = Extensions;
			sourceTree = "<group>";
		};
		962F2BB329376BA800524427 /* Login */ = {
			isa = PBXGroup;
			children = (
				962F2BA6293768B300524427 /* LoginView.swift */,
				962F2BAF29376B0E00524427 /* LoginTitleView.swift */,
				962F2BB129376B4700524427 /* LoginImageView.swift */,
				962F2BD129378AA400524427 /* Sign Up */,
				962F2BD029378A9E00524427 /* Sign In */,
				965468E429389D8500D6ADE8 /* SettingsView.swift */,
			);
			path = Login;
			sourceTree = "<group>";
		};
		962F2BB429376BAF00524427 /* Commons */ = {
			isa = PBXGroup;
			children = (
				962F2BB529376BBC00524427 /* AppButtonView.swift */,
				962F2BBB2937710E00524427 /* TransparentAppButtonView.swift */,
				965468E629389E6300D6ADE8 /* SettingsButtonView.swift */,
				AC584AEF293A04870003A479 /* SmallButtonView.swift */,
			);
			path = Commons;
			sourceTree = "<group>";
		};
		962F2BC12937841200524427 /* Modifier */ = {
			isa = PBXGroup;
			children = (
				962F2BC62937862500524427 /* TextfieldPlaceholderStyle.swift */,
			);
			path = Modifier;
			sourceTree = "<group>";
		};
		962F2BD029378A9E00524427 /* Sign In */ = {
			isa = PBXGroup;
			children = (
				962F2BBF2937738800524427 /* SignInView.swift */,
				962F2BB92937706300524427 /* GoToSignUpView.swift */,
				962F2BB72937705900524427 /* GoToSignInView.swift */,
				962F2BCC29378A8500524427 /* SignInButtonView.swift */,
				962F2BD229378C6A00524427 /* SignInFieldsView.swift */,
				962F2BD429378D0700524427 /* SignInWithAppleButtonView.swift */,
			);
			path = "Sign In";
			sourceTree = "<group>";
		};
		962F2BD129378AA400524427 /* Sign Up */ = {
			isa = PBXGroup;
			children = (
				962F2BBD2937738100524427 /* SignUpView.swift */,
				962F2BCE29378A9500524427 /* SignUpButtonView.swift */,
				962F2BCA293788ED00524427 /* SignUpFieldsView.swift */,
			);
			path = "Sign Up";
			sourceTree = "<group>";
		};
		962F2BDB2937955A00524427 /* Flatmates */ = {
			isa = PBXGroup;
			children = (
				AC3FDCA12938A3D500F38D2A /* Components */,
				962F2BDC2937957400524427 /* FlatmatesView.swift */,
				962F2BDE2937971D00524427 /* FlatmatesListView.swift */,
			);
			path = Flatmates;
			sourceTree = "<group>";
		};
		962F2BE22937998A00524427 /* Chores */ = {
			isa = PBXGroup;
			children = (
				962F2BE9293799E800524427 /* ChoresView.swift */,
				962F2C0229389C5900524427 /* DatePicker */,
				962F2BFA29389AD400524427 /* ChoresCollectionView.swift */,
			);
			path = Chores;
			sourceTree = "<group>";
		};
		962F2BE3293799B300524427 /* Carrot Trade */ = {
			isa = PBXGroup;
			children = (
				962F2BE7293799DC00524427 /* CarrotTradeView.swift */,
				ACFDC4FC2938FA8A008F8AF7 /* CarrotTradeRulesView.swift */,
				AC584B06293E0C0D0003A479 /* ChooseRewardView.swift */,
			);
			path = "Carrot Trade";
			sourceTree = "<group>";
		};
		962F2BE4293799C200524427 /* Lets Play */ = {
			isa = PBXGroup;
			children = (
				962F2BE5293799D300524427 /* LetsPlayView.swift */,
				F4C81D28293DE687008638ED /* WheelView.swift */,
				F4C81D2A293DE6A9008638ED /* ResultWheelView.swift */,
			);
			path = "Lets Play";
			sourceTree = "<group>";
		};
		962F2BEB29379B9C00524427 /* Mains */ = {
			isa = PBXGroup;
			children = (
				962F2BE02937997E00524427 /* TabBarView.swift */,
				962F2BEC29379BB400524427 /* OnBoardingView.swift */,
			);
			path = Mains;
			sourceTree = "<group>";
		};
		962F2C0229389C5900524427 /* DatePicker */ = {
			isa = PBXGroup;
			children = (
				962F2BFC29389BF100524427 /* DaysListView.swift */,
				962F2BFE29389C1300524427 /* DateNumberElementView.swift */,
				962F2C0029389C4300524427 /* MultiDatePickerGridView.swift */,
				962F2BF42937DCF700524427 /* CustomMultiDatePickerView.swift */,
			);
			path = DatePicker;
			sourceTree = "<group>";
		};
		AC3FDCA12938A3D500F38D2A /* Components */ = {
			isa = PBXGroup;
			children = (
				AC3FDCA22938A48900F38D2A /* FlatmateView.swift */,
				AC3FDCA42938A4B000F38D2A /* FlatmateListView.swift */,
				AC3FDCA62938A4F900F38D2A /* FlatmateDetailView.swift */,
			);
			path = Components;
			sourceTree = "<group>";
		};
		F4ACF0BB293A3C5F005E4636 /* Networking */ = {
			isa = PBXGroup;
			children = (
				F4ACF0BC293A3C6A005E4636 /* APIManager.swift */,
			);
			path = Networking;
			sourceTree = "<group>";
		};
		F4ACF0C3293B8349005E4636 /* Flatshare */ = {
			isa = PBXGroup;
			children = (
				F4C81D33293E03B0008638ED /* Join Flateshare */,
				F4C81D32293E03A4008638ED /* Create Flatshare */,
			);
			path = Flatshare;
			sourceTree = "<group>";
		};
		F4C81D32293E03A4008638ED /* Create Flatshare */ = {
			isa = PBXGroup;
			children = (
				F4ACF0C4293B8361005E4636 /* CreateFlatshareView.swift */,
				F4C81D2E293DF6AE008638ED /* FlatshareFieldsView.swift */,
				F4C81D30293DFC31008638ED /* CreateFlatshareButtonView.swift */,
			);
			path = "Create Flatshare";
			sourceTree = "<group>";
		};
		F4C81D33293E03B0008638ED /* Join Flateshare */ = {
			isa = PBXGroup;
			children = (
				F4C81D34293E03CC008638ED /* JoinFlatshareView.swift */,
			);
			path = "Join Flateshare";
			sourceTree = "<group>";
		};
/* End PBXGroup section */

/* Begin PBXNativeTarget section */
		962F2B8F293761D100524427 /* CarrotShare */ = {
			isa = PBXNativeTarget;
			buildConfigurationList = 962F2B9E293761D300524427 /* Build configuration list for PBXNativeTarget "CarrotShare" */;
			buildPhases = (
				962F2B8C293761D100524427 /* Sources */,
				962F2B8D293761D100524427 /* Frameworks */,
				962F2B8E293761D100524427 /* Resources */,
			);
			buildRules = (
			);
			dependencies = (
			);
			name = CarrotShare;
			packageProductDependencies = (
			);
			productName = CarrotShare;
			productReference = 962F2B90293761D100524427 /* CarrotShare.app */;
			productType = "com.apple.product-type.application";
		};
/* End PBXNativeTarget section */

/* Begin PBXProject section */
		962F2B88293761D100524427 /* Project object */ = {
			isa = PBXProject;
			attributes = {
				BuildIndependentTargetsInParallel = 1;
				LastSwiftUpdateCheck = 1410;
				LastUpgradeCheck = 1410;
				TargetAttributes = {
					962F2B8F293761D100524427 = {
						CreatedOnToolsVersion = 14.1;
					};
				};
			};
			buildConfigurationList = 962F2B8B293761D100524427 /* Build configuration list for PBXProject "CarrotShare" */;
			compatibilityVersion = "Xcode 14.0";
			developmentRegion = en;
			hasScannedForEncodings = 0;
			knownRegions = (
				en,
				Base,
			);
			mainGroup = 962F2B87293761D100524427;
			packageReferences = (
			);
			productRefGroup = 962F2B91293761D100524427 /* Products */;
			projectDirPath = "";
			projectRoot = "";
			targets = (
				962F2B8F293761D100524427 /* CarrotShare */,
			);
		};
/* End PBXProject section */

/* Begin PBXResourcesBuildPhase section */
		962F2B8E293761D100524427 /* Resources */ = {
			isa = PBXResourcesBuildPhase;
			buildActionMask = 2147483647;
			files = (
				962F2BA22937630600524427 /* Launch Screen.storyboard in Resources */,
				962F2B9B293761D300524427 /* Preview Assets.xcassets in Resources */,
				962F2B98293761D300524427 /* Assets.xcassets in Resources */,
			);
			runOnlyForDeploymentPostprocessing = 0;
		};
/* End PBXResourcesBuildPhase section */

/* Begin PBXSourcesBuildPhase section */
		962F2B8C293761D100524427 /* Sources */ = {
			isa = PBXSourcesBuildPhase;
			buildActionMask = 2147483647;
			files = (
				962F2C0129389C4300524427 /* MultiDatePickerGridView.swift in Sources */,
				962F2BB029376B0E00524427 /* LoginTitleView.swift in Sources */,
				962F2BCD29378A8500524427 /* SignInButtonView.swift in Sources */,
				962F2BA9293768D100524427 /* CarrotShareViewModel.swift in Sources */,
				965468E729389E6300D6ADE8 /* SettingsButtonView.swift in Sources */,
				962F2BF92937EFFB00524427 /* User.swift in Sources */,
				AC584AF0293A04870003A479 /* SmallButtonView.swift in Sources */,
				F4C81D2B293DE6A9008638ED /* ResultWheelView.swift in Sources */,
				962F2BF72937EDFD00524427 /* DateExtension.swift in Sources */,
				AC3FDCA72938A4F900F38D2A /* FlatmateDetailView.swift in Sources */,
				AC584B07293E0C0D0003A479 /* ChooseRewardView.swift in Sources */,
				AC3FDCA92938A55A00F38D2A /* Flatmate.swift in Sources */,
				AC584B09293E31B10003A479 /* LoggedUserView.swift in Sources */,
				962F2BFB29389AD400524427 /* ChoresCollectionView.swift in Sources */,
				962F2BED29379BB400524427 /* OnBoardingView.swift in Sources */,
				F4ACF0BD293A3C6A005E4636 /* APIManager.swift in Sources */,
				F4ACF0C5293B8361005E4636 /* CreateFlatshareView.swift in Sources */,
				F4ACF0C1293A3CCF005E4636 /* SignInResponse.swift in Sources */,
				962F2BF52937DCF700524427 /* CustomMultiDatePickerView.swift in Sources */,
				962F2B94293761D100524427 /* CarrotShareApp.swift in Sources */,
				962F2BA7293768B300524427 /* LoginView.swift in Sources */,
				ACFDC4FD2938FA8A008F8AF7 /* CarrotTradeRulesView.swift in Sources */,
				962F2BBE2937738100524427 /* SignUpView.swift in Sources */,
				962F2BFF29389C1300524427 /* DateNumberElementView.swift in Sources */,
				F4C81D29293DE687008638ED /* WheelView.swift in Sources */,
				AC3FDCA52938A4B000F38D2A /* FlatmateListView.swift in Sources */,
				962F2BAC2937691D00524427 /* BundleExtension.swift in Sources */,
				962F2BD529378D0700524427 /* SignInWithAppleButtonView.swift in Sources */,
				F4C81D2F293DF6AE008638ED /* FlatshareFieldsView.swift in Sources */,
				F4ACF0BF293A3CA5005E4636 /* Flatshare.swift in Sources */,
				962F2BB229376B4700524427 /* LoginImageView.swift in Sources */,
				962F2BBA2937706300524427 /* GoToSignUpView.swift in Sources */,
				962F2BDD2937957400524427 /* FlatmatesView.swift in Sources */,
				962F2BFD29389BF100524427 /* DaysListView.swift in Sources */,
				AC584AF8293A2CB20003A479 /* Rule.swift in Sources */,
				F4C81D35293E03CC008638ED /* JoinFlatshareView.swift in Sources */,
				962F2BBC2937710F00524427 /* TransparentAppButtonView.swift in Sources */,
				962F2BD329378C6A00524427 /* SignInFieldsView.swift in Sources */,
				965468E529389D8500D6ADE8 /* SettingsView.swift in Sources */,
				962F2BCB293788ED00524427 /* SignUpFieldsView.swift in Sources */,
				962F2BEA293799E800524427 /* ChoresView.swift in Sources */,
				962F2BE8293799DC00524427 /* CarrotTradeView.swift in Sources */,
				962F2BDF2937971D00524427 /* FlatmatesListView.swift in Sources */,
				962F2BC52937848300524427 /* ViewExtension.swift in Sources */,
				962F2BB82937705900524427 /* GoToSignInView.swift in Sources */,
				962F2BB629376BBC00524427 /* AppButtonView.swift in Sources */,
				962F2BCF29378A9500524427 /* SignUpButtonView.swift in Sources */,
				962F2BE12937997E00524427 /* TabBarView.swift in Sources */,
				AC3FDCA32938A48900F38D2A /* FlatmateView.swift in Sources */,
				962F2BC72937862500524427 /* TextfieldPlaceholderStyle.swift in Sources */,
				962F2BAE29376A5300524427 /* ColorExtension.swift in Sources */,
				962F2BE6293799D300524427 /* LetsPlayView.swift in Sources */,
				962F2BC02937738800524427 /* SignInView.swift in Sources */,
				962F2BEF2937A9FD00524427 /* Chores.swift in Sources */,
				F4C81D31293DFC31008638ED /* CreateFlatshareButtonView.swift in Sources */,
			);
			runOnlyForDeploymentPostprocessing = 0;
		};
/* End PBXSourcesBuildPhase section */

/* Begin XCBuildConfiguration section */
		962F2B9C293761D300524427 /* Debug */ = {
			isa = XCBuildConfiguration;
			buildSettings = {
				ALWAYS_SEARCH_USER_PATHS = NO;
				CLANG_ANALYZER_NONNULL = YES;
				CLANG_ANALYZER_NUMBER_OBJECT_CONVERSION = YES_AGGRESSIVE;
				CLANG_CXX_LANGUAGE_STANDARD = "gnu++20";
				CLANG_ENABLE_MODULES = YES;
				CLANG_ENABLE_OBJC_ARC = YES;
				CLANG_ENABLE_OBJC_WEAK = YES;
				CLANG_WARN_BLOCK_CAPTURE_AUTORELEASING = YES;
				CLANG_WARN_BOOL_CONVERSION = YES;
				CLANG_WARN_COMMA = YES;
				CLANG_WARN_CONSTANT_CONVERSION = YES;
				CLANG_WARN_DEPRECATED_OBJC_IMPLEMENTATIONS = YES;
				CLANG_WARN_DIRECT_OBJC_ISA_USAGE = YES_ERROR;
				CLANG_WARN_DOCUMENTATION_COMMENTS = YES;
				CLANG_WARN_EMPTY_BODY = YES;
				CLANG_WARN_ENUM_CONVERSION = YES;
				CLANG_WARN_INFINITE_RECURSION = YES;
				CLANG_WARN_INT_CONVERSION = YES;
				CLANG_WARN_NON_LITERAL_NULL_CONVERSION = YES;
				CLANG_WARN_OBJC_IMPLICIT_RETAIN_SELF = YES;
				CLANG_WARN_OBJC_LITERAL_CONVERSION = YES;
				CLANG_WARN_OBJC_ROOT_CLASS = YES_ERROR;
				CLANG_WARN_QUOTED_INCLUDE_IN_FRAMEWORK_HEADER = YES;
				CLANG_WARN_RANGE_LOOP_ANALYSIS = YES;
				CLANG_WARN_STRICT_PROTOTYPES = YES;
				CLANG_WARN_SUSPICIOUS_MOVE = YES;
				CLANG_WARN_UNGUARDED_AVAILABILITY = YES_AGGRESSIVE;
				CLANG_WARN_UNREACHABLE_CODE = YES;
				CLANG_WARN__DUPLICATE_METHOD_MATCH = YES;
				COPY_PHASE_STRIP = NO;
				DEBUG_INFORMATION_FORMAT = dwarf;
				ENABLE_STRICT_OBJC_MSGSEND = YES;
				ENABLE_TESTABILITY = YES;
				GCC_C_LANGUAGE_STANDARD = gnu11;
				GCC_DYNAMIC_NO_PIC = NO;
				GCC_NO_COMMON_BLOCKS = YES;
				GCC_OPTIMIZATION_LEVEL = 0;
				GCC_PREPROCESSOR_DEFINITIONS = (
					"DEBUG=1",
					"$(inherited)",
				);
				GCC_WARN_64_TO_32_BIT_CONVERSION = YES;
				GCC_WARN_ABOUT_RETURN_TYPE = YES_ERROR;
				GCC_WARN_UNDECLARED_SELECTOR = YES;
				GCC_WARN_UNINITIALIZED_AUTOS = YES_AGGRESSIVE;
				GCC_WARN_UNUSED_FUNCTION = YES;
				GCC_WARN_UNUSED_VARIABLE = YES;
				IPHONEOS_DEPLOYMENT_TARGET = 16.0;
				MTL_ENABLE_DEBUG_INFO = INCLUDE_SOURCE;
				MTL_FAST_MATH = YES;
				ONLY_ACTIVE_ARCH = YES;
				SDKROOT = iphoneos;
				SWIFT_ACTIVE_COMPILATION_CONDITIONS = DEBUG;
				SWIFT_OPTIMIZATION_LEVEL = "-Onone";
			};
			name = Debug;
		};
		962F2B9D293761D300524427 /* Release */ = {
			isa = XCBuildConfiguration;
			buildSettings = {
				ALWAYS_SEARCH_USER_PATHS = NO;
				CLANG_ANALYZER_NONNULL = YES;
				CLANG_ANALYZER_NUMBER_OBJECT_CONVERSION = YES_AGGRESSIVE;
				CLANG_CXX_LANGUAGE_STANDARD = "gnu++20";
				CLANG_ENABLE_MODULES = YES;
				CLANG_ENABLE_OBJC_ARC = YES;
				CLANG_ENABLE_OBJC_WEAK = YES;
				CLANG_WARN_BLOCK_CAPTURE_AUTORELEASING = YES;
				CLANG_WARN_BOOL_CONVERSION = YES;
				CLANG_WARN_COMMA = YES;
				CLANG_WARN_CONSTANT_CONVERSION = YES;
				CLANG_WARN_DEPRECATED_OBJC_IMPLEMENTATIONS = YES;
				CLANG_WARN_DIRECT_OBJC_ISA_USAGE = YES_ERROR;
				CLANG_WARN_DOCUMENTATION_COMMENTS = YES;
				CLANG_WARN_EMPTY_BODY = YES;
				CLANG_WARN_ENUM_CONVERSION = YES;
				CLANG_WARN_INFINITE_RECURSION = YES;
				CLANG_WARN_INT_CONVERSION = YES;
				CLANG_WARN_NON_LITERAL_NULL_CONVERSION = YES;
				CLANG_WARN_OBJC_IMPLICIT_RETAIN_SELF = YES;
				CLANG_WARN_OBJC_LITERAL_CONVERSION = YES;
				CLANG_WARN_OBJC_ROOT_CLASS = YES_ERROR;
				CLANG_WARN_QUOTED_INCLUDE_IN_FRAMEWORK_HEADER = YES;
				CLANG_WARN_RANGE_LOOP_ANALYSIS = YES;
				CLANG_WARN_STRICT_PROTOTYPES = YES;
				CLANG_WARN_SUSPICIOUS_MOVE = YES;
				CLANG_WARN_UNGUARDED_AVAILABILITY = YES_AGGRESSIVE;
				CLANG_WARN_UNREACHABLE_CODE = YES;
				CLANG_WARN__DUPLICATE_METHOD_MATCH = YES;
				COPY_PHASE_STRIP = NO;
				DEBUG_INFORMATION_FORMAT = "dwarf-with-dsym";
				ENABLE_NS_ASSERTIONS = NO;
				ENABLE_STRICT_OBJC_MSGSEND = YES;
				GCC_C_LANGUAGE_STANDARD = gnu11;
				GCC_NO_COMMON_BLOCKS = YES;
				GCC_WARN_64_TO_32_BIT_CONVERSION = YES;
				GCC_WARN_ABOUT_RETURN_TYPE = YES_ERROR;
				GCC_WARN_UNDECLARED_SELECTOR = YES;
				GCC_WARN_UNINITIALIZED_AUTOS = YES_AGGRESSIVE;
				GCC_WARN_UNUSED_FUNCTION = YES;
				GCC_WARN_UNUSED_VARIABLE = YES;
				IPHONEOS_DEPLOYMENT_TARGET = 16.0;
				MTL_ENABLE_DEBUG_INFO = NO;
				MTL_FAST_MATH = YES;
				SDKROOT = iphoneos;
				SWIFT_COMPILATION_MODE = wholemodule;
				SWIFT_OPTIMIZATION_LEVEL = "-O";
				VALIDATE_PRODUCT = YES;
			};
			name = Release;
		};
		962F2B9F293761D300524427 /* Debug */ = {
			isa = XCBuildConfiguration;
			buildSettings = {
				ASSETCATALOG_COMPILER_APPICON_NAME = AppIcon;
				ASSETCATALOG_COMPILER_GLOBAL_ACCENT_COLOR_NAME = AccentColor;
				CODE_SIGN_STYLE = Automatic;
				CURRENT_PROJECT_VERSION = 1;
				DEVELOPMENT_ASSET_PATHS = "\"CarrotShare/Preview Content\"";
				DEVELOPMENT_TEAM = Q6DV6C6352;
				ENABLE_PREVIEWS = YES;
				GENERATE_INFOPLIST_FILE = YES;
				INFOPLIST_KEY_CFBundleDisplayName = "Carrot Share";
				INFOPLIST_KEY_UIApplicationSceneManifest_Generation = YES;
				INFOPLIST_KEY_UIApplicationSupportsIndirectInputEvents = YES;
				INFOPLIST_KEY_UILaunchScreen_Generation = YES;
				INFOPLIST_KEY_UILaunchStoryboardName = "Launch Screen.storyboard";
				INFOPLIST_KEY_UISupportedInterfaceOrientations_iPad = "UIInterfaceOrientationPortrait UIInterfaceOrientationPortraitUpsideDown UIInterfaceOrientationLandscapeLeft UIInterfaceOrientationLandscapeRight";
				INFOPLIST_KEY_UISupportedInterfaceOrientations_iPhone = "UIInterfaceOrientationPortrait UIInterfaceOrientationLandscapeLeft UIInterfaceOrientationLandscapeRight";
				LD_RUNPATH_SEARCH_PATHS = (
					"$(inherited)",
					"@executable_path/Frameworks",
				);
				MARKETING_VERSION = 1.0;
				PRODUCT_BUNDLE_IDENTIFIER = yann.CarrotShare;
				PRODUCT_NAME = "$(TARGET_NAME)";
				SWIFT_EMIT_LOC_STRINGS = YES;
				SWIFT_VERSION = 5.0;
				TARGETED_DEVICE_FAMILY = "1,2";
			};
			name = Debug;
		};
		962F2BA0293761D300524427 /* Release */ = {
			isa = XCBuildConfiguration;
			buildSettings = {
				ASSETCATALOG_COMPILER_APPICON_NAME = AppIcon;
				ASSETCATALOG_COMPILER_GLOBAL_ACCENT_COLOR_NAME = AccentColor;
				CODE_SIGN_STYLE = Automatic;
				CURRENT_PROJECT_VERSION = 1;
				DEVELOPMENT_ASSET_PATHS = "\"CarrotShare/Preview Content\"";
				DEVELOPMENT_TEAM = Q6DV6C6352;
				ENABLE_PREVIEWS = YES;
				GENERATE_INFOPLIST_FILE = YES;
				INFOPLIST_KEY_CFBundleDisplayName = "Carrot Share";
				INFOPLIST_KEY_UIApplicationSceneManifest_Generation = YES;
				INFOPLIST_KEY_UIApplicationSupportsIndirectInputEvents = YES;
				INFOPLIST_KEY_UILaunchScreen_Generation = YES;
				INFOPLIST_KEY_UILaunchStoryboardName = "Launch Screen.storyboard";
				INFOPLIST_KEY_UISupportedInterfaceOrientations_iPad = "UIInterfaceOrientationPortrait UIInterfaceOrientationPortraitUpsideDown UIInterfaceOrientationLandscapeLeft UIInterfaceOrientationLandscapeRight";
				INFOPLIST_KEY_UISupportedInterfaceOrientations_iPhone = "UIInterfaceOrientationPortrait UIInterfaceOrientationLandscapeLeft UIInterfaceOrientationLandscapeRight";
				LD_RUNPATH_SEARCH_PATHS = (
					"$(inherited)",
					"@executable_path/Frameworks",
				);
				MARKETING_VERSION = 1.0;
				PRODUCT_BUNDLE_IDENTIFIER = yann.CarrotShare;
				PRODUCT_NAME = "$(TARGET_NAME)";
				SWIFT_EMIT_LOC_STRINGS = YES;
				SWIFT_VERSION = 5.0;
				TARGETED_DEVICE_FAMILY = "1,2";
			};
			name = Release;
		};
/* End XCBuildConfiguration section */

/* Begin XCConfigurationList section */
		962F2B8B293761D100524427 /* Build configuration list for PBXProject "CarrotShare" */ = {
			isa = XCConfigurationList;
			buildConfigurations = (
				962F2B9C293761D300524427 /* Debug */,
				962F2B9D293761D300524427 /* Release */,
			);
			defaultConfigurationIsVisible = 0;
			defaultConfigurationName = Release;
		};
		962F2B9E293761D300524427 /* Build configuration list for PBXNativeTarget "CarrotShare" */ = {
			isa = XCConfigurationList;
			buildConfigurations = (
				962F2B9F293761D300524427 /* Debug */,
				962F2BA0293761D300524427 /* Release */,
			);
			defaultConfigurationIsVisible = 0;
			defaultConfigurationName = Release;
		};
/* End XCConfigurationList section */
	};
	rootObject = 962F2B88293761D100524427 /* Project object */;
}
